
Microsoft Visual Studio Solution File, Format Version 12.00
# Visual Studio 15
VisualStudioVersion = 15.0.27130.2036
MinimumVisualStudioVersion = 10.0.40219.1
Project("{9A19103F-16F7-4668-BE54-9A1E7A4F7556}") = "01.Greeting", "01.Greeting\01.Greeting.csproj", "{52AEE364-E0FC-4D01-9E5E-97791AC454AE}"
EndProject
Project("{9A19103F-16F7-4668-BE54-9A1E7A4F7556}") = "02.AddTwoNumbers", "02.AddTwoNumbers\02.AddTwoNumbers.csproj", "{35264FD5-987F-49E3-8305-3D4BA1644010}"
EndProject
Project("{9A19103F-16F7-4668-BE54-9A1E7A4F7556}") = "03.Employee Data", "03.Employee Data\03.Employee Data.csproj", "{EE8F9D5C-140D-4A9F-B43A-DDE49FF61796}"
EndProject
Project("{2150E333-8FDC-42A3-9474-1A3956D46DE8}") = "Intro and Basic Syntax - Lab", "Intro and Basic Syntax - Lab", "{BB0B7407-E271-412C-9F5E-2608468FB30A}"
EndProject
Project("{2150E333-8FDC-42A3-9474-1A3956D46DE8}") = "Intro and Basic Syntax - Exercises", "Intro and Basic Syntax - Exercises", "{64D8C98B-57F9-4BE6-834C-1232F666E7CE}"
EndProject
Project("{9A19103F-16F7-4668-BE54-9A1E7A4F7556}") = "01.DebitCardNumber", "01.DebitCardNumber\01.DebitCardNumber.csproj", "{92FFFE00-B628-46F1-A811-F9F48DA68C4D}"
EndProject
Project("{9A19103F-16F7-4668-BE54-9A1E7A4F7556}") = "02.RectangleArea", "02.RectangleArea\02.RectangleArea.csproj", "{CB86CA0D-3D4C-48E9-8327-CD7E8EC24FFE}"
EndProject
Project("{9A19103F-16F7-4668-BE54-9A1E7A4F7556}") = "03.MilesToKilometers", "03.MilesToKilometers\03.MilesToKilometers.csproj", "{86415786-31EF-4769-B608-3E183B13D920}"
EndProject
Project("{9A19103F-16F7-4668-BE54-9A1E7A4F7556}") = "04.BeverageLabels", "04.BeverageLabels\04.BeverageLabels.csproj", "{A50E4DDB-C484-47FE-AF03-31767A750D09}"
EndProject
Project("{9A19103F-16F7-4668-BE54-9A1E7A4F7556}") = "05.CharacterStats", "05.CharacterStats\05.CharacterStats.csproj", "{8BAF0372-DEAA-42EF-BBFD-6F4ED30B60EB}"
EndProject
Project("{2150E333-8FDC-42A3-9474-1A3956D46DE8}") = "Conditional Statements and Loops - Lab", "Conditional Statements and Loops - Lab", "{2105B0E8-ED49-4815-930D-746679741CBD}"
EndProject
Project("{9A19103F-16F7-4668-BE54-9A1E7A4F7556}") = "02. Passed or Failed", "01.Passed\02. Passed or Failed.csproj", "{BA8AA038-886B-4909-BFEF-9B2496072AA6}"
EndProject
Project("{9A19103F-16F7-4668-BE54-9A1E7A4F7556}") = "03.BackIn30Minutes", "03.BackIn30Minutes\03.BackIn30Minutes.csproj", "{8CDAE509-3216-4CE4-BA8D-1673FEA17C4B}"
EndProject
Project("{9A19103F-16F7-4668-BE54-9A1E7A4F7556}") = "04.MonthPrinter", "04.MonthPrinter\04.MonthPrinter.csproj", "{BEF8B61B-45EC-4CFE-9D7F-0D7445AD4977}"
EndProject
Project("{9A19103F-16F7-4668-BE54-9A1E7A4F7556}") = "05.ForeignLanguages", "05.ForeignLanguages\05.ForeignLanguages.csproj", "{AD7A7407-207C-48DB-85EB-68F9FB5B0C4D}"
EndProject
Project("{9A19103F-16F7-4668-BE54-9A1E7A4F7556}") = "06.TheatrPmotion", "06.TheatrPmotion\06.TheatrPmotion.csproj", "{98B7EE35-A86B-4F84-B4F3-91545EA25819}"
EndProject
Project("{9A19103F-16F7-4668-BE54-9A1E7A4F7556}") = "07.DivisibleBy3", "07.DivisibleBy3\07.DivisibleBy3.csproj", "{FA3E41F0-E168-4601-BEC9-9794ED189E15}"
EndProject
Project("{9A19103F-16F7-4668-BE54-9A1E7A4F7556}") = "08.SumOddNumbers", "08.SumOddNumbers\08.SumOddNumbers.csproj", "{882E2017-2F92-418C-9CB1-683B3D8F29BE}"
EndProject
Project("{9A19103F-16F7-4668-BE54-9A1E7A4F7556}") = "09.MultiplicationTable", "09.MultiplicationTable\09.MultiplicationTable.csproj", "{9F4317F2-2F15-4BE1-B1FC-589B2D707544}"
EndProject
Project("{9A19103F-16F7-4668-BE54-9A1E7A4F7556}") = "10.MultiplicationTable2.0", "10.MultiplicationTable2.0\10.MultiplicationTable2.0.csproj", "{74D5EED5-24DD-4B9A-8BAC-F4BB145B5A17}"
EndProject
Project("{9A19103F-16F7-4668-BE54-9A1E7A4F7556}") = "11.OddNumber", "11.OddNumber\11.OddNumber.csproj", "{01EC20E8-DBEE-4169-8B87-1D3BD824EDA6}"
EndProject
Project("{9A19103F-16F7-4668-BE54-9A1E7A4F7556}") = "12.NumberChecker", "12.NumberChecker\12.NumberChecker.csproj", "{8D4D4F17-39DD-44CE-B409-36E36970B7B0}"
EndProject
Project("{2150E333-8FDC-42A3-9474-1A3956D46DE8}") = "Conditional Statements and Loops - Exercises", "Conditional Statements and Loops - Exercises", "{A86628FD-6EE3-4703-A275-8FF569AF828B}"
EndProject
Project("{9A19103F-16F7-4668-BE54-9A1E7A4F7556}") = "01.ChooseDrink", "01.ChooseDrink\01.ChooseDrink.csproj", "{E4F6A8E3-6BAE-4F37-85C0-B81432785241}"
EndProject
Project("{9A19103F-16F7-4668-BE54-9A1E7A4F7556}") = "03.RestaurantDiscount", "03.RestaurantDiscount\03.RestaurantDiscount.csproj", "{8A89BBD6-8650-4C8E-AD95-A5A6FE0F041E}"
EndProject
Project("{9A19103F-16F7-4668-BE54-9A1E7A4F7556}") = "15.NeighbourWars", "15.NeighbourWars\15.NeighbourWars.csproj", "{A70CE5DC-AC2F-4CC3-B80E-6E91550EB11B}"
EndProject
Project("{9A19103F-16F7-4668-BE54-9A1E7A4F7556}") = "14. MagicLetter", "14. MagicLetter\14. MagicLetter.csproj", "{D9F3557A-01A8-4608-AE67-B9D3DFB33AD0}"
EndProject
Project("{9A19103F-16F7-4668-BE54-9A1E7A4F7556}") = "13.GameNumbers", "13.GameNumbers\13.GameNumbers.csproj", "{283C0DC2-A33C-472D-A9CA-B12DC4AE791A}"
EndProject
Project("{9A19103F-16F7-4668-BE54-9A1E7A4F7556}") = "12.TestNumbers", "12.TestNumbers\12.TestNumbers.csproj", "{D842292F-EE07-45F4-A388-0E7201736E14}"
EndProject
Project("{9A19103F-16F7-4668-BE54-9A1E7A4F7556}") = "11.5DifferentNumbers", "11.5DifferentNumbers\11.5DifferentNumbers.csproj", "{A0C6A1EF-D5AB-4E68-A32F-344063A414FE}"
EndProject
Project("{9A19103F-16F7-4668-BE54-9A1E7A4F7556}") = "10.TriangleNumbers", "10.TriangleNumbers\10.TriangleNumbers.csproj", "{CB17B0CF-F887-4AB4-816B-27A54869321E}"
EndProject
Project("{9A19103F-16F7-4668-BE54-9A1E7A4F7556}") = "09.CountTheIntegers", "09.CountTheIntegers\09.CountTheIntegers.csproj", "{06F700EB-2D92-4800-80ED-57CCA98A6C69}"
EndProject
Project("{9A19103F-16F7-4668-BE54-9A1E7A4F7556}") = "08.CaloriesCounter", "08.CaloriesCounter\08.CaloriesCounter.csproj", "{48DAB463-2689-410D-8BAA-1285FA5DAA20}"
EndProject
Project("{9A19103F-16F7-4668-BE54-9A1E7A4F7556}") = "05.WordInPlural", "05.WordInPlural\05.WordInPlural.csproj", "{336495BF-A95C-4948-9F1B-25B00FCE0AFC}"
EndProject
Project("{9A19103F-16F7-4668-BE54-9A1E7A4F7556}") = "06.IntervalNumbers", "06.IntervalNumbers\06.IntervalNumbers.csproj", "{C6B2EAC0-15FE-4B17-928A-9F759E26B961}"
EndProject
Project("{9A19103F-16F7-4668-BE54-9A1E7A4F7556}") = "07.CakeIngredients", "07.CakeIngredients\07.CakeIngredients.csproj", "{347A07BE-61B3-4AE5-88C0-E85F573ACA24}"
EndProject
Project("{2150E333-8FDC-42A3-9474-1A3956D46DE8}") = "Basics - More Exercises", "Basics - More Exercises", "{59C62714-B67D-4EAB-867A-1C96127CBCE5}"
EndProject
Project("{9A19103F-16F7-4668-BE54-9A1E7A4F7556}") = "01.X", "01.X\01.X.csproj", "{6E5A362F-C6D7-4F9B-9511-607CD4F25859}"
EndProject
Project("{9A19103F-16F7-4668-BE54-9A1E7A4F7556}") = "04.Hotel", "04.Hotel\04.Hotel.csproj", "{6DB89A5A-EFB4-4CDA-9523-C7AD4E35EAFF}"
EndProject
Project("{9A19103F-16F7-4668-BE54-9A1E7A4F7556}") = "02.VaporStore", "02.VaporStore\02.VaporStore.csproj", "{CFC9EA07-422C-462D-A4F3-74F8C960E91C}"
EndProject
Project("{9A19103F-16F7-4668-BE54-9A1E7A4F7556}") = "03.Megapixels", "03.Megapixels\03.Megapixels.csproj", "{E4CEBEA5-C6AA-4973-891A-39B7F78FC6BA}"
EndProject
Project("{9A19103F-16F7-4668-BE54-9A1E7A4F7556}") = "04.PhotoGallery", "04.PhotoGallery\04.PhotoGallery.csproj", "{1F7A1E3E-608A-498E-ACA9-9A6038A81A20}"
EndProject
Project("{9A19103F-16F7-4668-BE54-9A1E7A4F7556}") = "05.BPMCounter", "05.BPMCounter\05.BPMCounter.csproj", "{0A9169E2-4E18-47E8-ADC6-5E41F51A1E6E}"
EndProject
Project("{9A19103F-16F7-4668-BE54-9A1E7A4F7556}") = "06.DNASequences", "06. DNA Sequences\06.DNASequences.csproj", "{9BAA61EB-F1AA-4F2C-893E-9331904406D0}"
EndProject
Project("{9A19103F-16F7-4668-BE54-9A1E7A4F7556}") = "07.TrainingHallEquipment", "07.TrainingHallEquipment\07.TrainingHallEquipment.csproj", "{63030F8E-8E47-41DA-9759-CCEB8778B93C}"
EndProject
Project("{9A19103F-16F7-4668-BE54-9A1E7A4F7556}") = "08.SMSTyping", "08.SMSTyping\08.SMSTyping.csproj", "{E60C6DF5-C024-43B3-8C95-B965FCCFCCB8}"
EndProject
Global
	GlobalSection(SolutionConfigurationPlatforms) = preSolution
		Debug|Any CPU = Debug|Any CPU
		Release|Any CPU = Release|Any CPU
	EndGlobalSection
	GlobalSection(ProjectConfigurationPlatforms) = postSolution
		{52AEE364-E0FC-4D01-9E5E-97791AC454AE}.Debug|Any CPU.ActiveCfg = Debug|Any CPU
		{52AEE364-E0FC-4D01-9E5E-97791AC454AE}.Debug|Any CPU.Build.0 = Debug|Any CPU
		{52AEE364-E0FC-4D01-9E5E-97791AC454AE}.Release|Any CPU.ActiveCfg = Release|Any CPU
		{52AEE364-E0FC-4D01-9E5E-97791AC454AE}.Release|Any CPU.Build.0 = Release|Any CPU
		{35264FD5-987F-49E3-8305-3D4BA1644010}.Debug|Any CPU.ActiveCfg = Debug|Any CPU
		{35264FD5-987F-49E3-8305-3D4BA1644010}.Debug|Any CPU.Build.0 = Debug|Any CPU
		{35264FD5-987F-49E3-8305-3D4BA1644010}.Release|Any CPU.ActiveCfg = Release|Any CPU
		{35264FD5-987F-49E3-8305-3D4BA1644010}.Release|Any CPU.Build.0 = Release|Any CPU
		{EE8F9D5C-140D-4A9F-B43A-DDE49FF61796}.Debug|Any CPU.ActiveCfg = Debug|Any CPU
		{EE8F9D5C-140D-4A9F-B43A-DDE49FF61796}.Debug|Any CPU.Build.0 = Debug|Any CPU
		{EE8F9D5C-140D-4A9F-B43A-DDE49FF61796}.Release|Any CPU.ActiveCfg = Release|Any CPU
		{EE8F9D5C-140D-4A9F-B43A-DDE49FF61796}.Release|Any CPU.Build.0 = Release|Any CPU
		{92FFFE00-B628-46F1-A811-F9F48DA68C4D}.Debug|Any CPU.ActiveCfg = Debug|Any CPU
		{92FFFE00-B628-46F1-A811-F9F48DA68C4D}.Debug|Any CPU.Build.0 = Debug|Any CPU
		{92FFFE00-B628-46F1-A811-F9F48DA68C4D}.Release|Any CPU.ActiveCfg = Release|Any CPU
		{92FFFE00-B628-46F1-A811-F9F48DA68C4D}.Release|Any CPU.Build.0 = Release|Any CPU
		{CB86CA0D-3D4C-48E9-8327-CD7E8EC24FFE}.Debug|Any CPU.ActiveCfg = Debug|Any CPU
		{CB86CA0D-3D4C-48E9-8327-CD7E8EC24FFE}.Debug|Any CPU.Build.0 = Debug|Any CPU
		{CB86CA0D-3D4C-48E9-8327-CD7E8EC24FFE}.Release|Any CPU.ActiveCfg = Release|Any CPU
		{CB86CA0D-3D4C-48E9-8327-CD7E8EC24FFE}.Release|Any CPU.Build.0 = Release|Any CPU
		{86415786-31EF-4769-B608-3E183B13D920}.Debug|Any CPU.ActiveCfg = Debug|Any CPU
		{86415786-31EF-4769-B608-3E183B13D920}.Debug|Any CPU.Build.0 = Debug|Any CPU
		{86415786-31EF-4769-B608-3E183B13D920}.Release|Any CPU.ActiveCfg = Release|Any CPU
		{86415786-31EF-4769-B608-3E183B13D920}.Release|Any CPU.Build.0 = Release|Any CPU
		{A50E4DDB-C484-47FE-AF03-31767A750D09}.Debug|Any CPU.ActiveCfg = Debug|Any CPU
		{A50E4DDB-C484-47FE-AF03-31767A750D09}.Debug|Any CPU.Build.0 = Debug|Any CPU
		{A50E4DDB-C484-47FE-AF03-31767A750D09}.Release|Any CPU.ActiveCfg = Release|Any CPU
		{A50E4DDB-C484-47FE-AF03-31767A750D09}.Release|Any CPU.Build.0 = Release|Any CPU
		{8BAF0372-DEAA-42EF-BBFD-6F4ED30B60EB}.Debug|Any CPU.ActiveCfg = Debug|Any CPU
		{8BAF0372-DEAA-42EF-BBFD-6F4ED30B60EB}.Debug|Any CPU.Build.0 = Debug|Any CPU
		{8BAF0372-DEAA-42EF-BBFD-6F4ED30B60EB}.Release|Any CPU.ActiveCfg = Release|Any CPU
		{8BAF0372-DEAA-42EF-BBFD-6F4ED30B60EB}.Release|Any CPU.Build.0 = Release|Any CPU
		{BA8AA038-886B-4909-BFEF-9B2496072AA6}.Debug|Any CPU.ActiveCfg = Debug|Any CPU
		{BA8AA038-886B-4909-BFEF-9B2496072AA6}.Debug|Any CPU.Build.0 = Debug|Any CPU
		{BA8AA038-886B-4909-BFEF-9B2496072AA6}.Release|Any CPU.ActiveCfg = Release|Any CPU
		{BA8AA038-886B-4909-BFEF-9B2496072AA6}.Release|Any CPU.Build.0 = Release|Any CPU
		{8CDAE509-3216-4CE4-BA8D-1673FEA17C4B}.Debug|Any CPU.ActiveCfg = Debug|Any CPU
		{8CDAE509-3216-4CE4-BA8D-1673FEA17C4B}.Debug|Any CPU.Build.0 = Debug|Any CPU
		{8CDAE509-3216-4CE4-BA8D-1673FEA17C4B}.Release|Any CPU.ActiveCfg = Release|Any CPU
		{8CDAE509-3216-4CE4-BA8D-1673FEA17C4B}.Release|Any CPU.Build.0 = Release|Any CPU
		{BEF8B61B-45EC-4CFE-9D7F-0D7445AD4977}.Debug|Any CPU.ActiveCfg = Debug|Any CPU
		{BEF8B61B-45EC-4CFE-9D7F-0D7445AD4977}.Debug|Any CPU.Build.0 = Debug|Any CPU
		{BEF8B61B-45EC-4CFE-9D7F-0D7445AD4977}.Release|Any CPU.ActiveCfg = Release|Any CPU
		{BEF8B61B-45EC-4CFE-9D7F-0D7445AD4977}.Release|Any CPU.Build.0 = Release|Any CPU
		{AD7A7407-207C-48DB-85EB-68F9FB5B0C4D}.Debug|Any CPU.ActiveCfg = Debug|Any CPU
		{AD7A7407-207C-48DB-85EB-68F9FB5B0C4D}.Debug|Any CPU.Build.0 = Debug|Any CPU
		{AD7A7407-207C-48DB-85EB-68F9FB5B0C4D}.Release|Any CPU.ActiveCfg = Release|Any CPU
		{AD7A7407-207C-48DB-85EB-68F9FB5B0C4D}.Release|Any CPU.Build.0 = Release|Any CPU
		{98B7EE35-A86B-4F84-B4F3-91545EA25819}.Debug|Any CPU.ActiveCfg = Debug|Any CPU
		{98B7EE35-A86B-4F84-B4F3-91545EA25819}.Debug|Any CPU.Build.0 = Debug|Any CPU
		{98B7EE35-A86B-4F84-B4F3-91545EA25819}.Release|Any CPU.ActiveCfg = Release|Any CPU
		{98B7EE35-A86B-4F84-B4F3-91545EA25819}.Release|Any CPU.Build.0 = Release|Any CPU
		{FA3E41F0-E168-4601-BEC9-9794ED189E15}.Debug|Any CPU.ActiveCfg = Debug|Any CPU
		{FA3E41F0-E168-4601-BEC9-9794ED189E15}.Debug|Any CPU.Build.0 = Debug|Any CPU
		{FA3E41F0-E168-4601-BEC9-9794ED189E15}.Release|Any CPU.ActiveCfg = Release|Any CPU
		{FA3E41F0-E168-4601-BEC9-9794ED189E15}.Release|Any CPU.Build.0 = Release|Any CPU
		{882E2017-2F92-418C-9CB1-683B3D8F29BE}.Debug|Any CPU.ActiveCfg = Debug|Any CPU
		{882E2017-2F92-418C-9CB1-683B3D8F29BE}.Debug|Any CPU.Build.0 = Debug|Any CPU
		{882E2017-2F92-418C-9CB1-683B3D8F29BE}.Release|Any CPU.ActiveCfg = Release|Any CPU
		{882E2017-2F92-418C-9CB1-683B3D8F29BE}.Release|Any CPU.Build.0 = Release|Any CPU
		{9F4317F2-2F15-4BE1-B1FC-589B2D707544}.Debug|Any CPU.ActiveCfg = Debug|Any CPU
		{9F4317F2-2F15-4BE1-B1FC-589B2D707544}.Debug|Any CPU.Build.0 = Debug|Any CPU
		{9F4317F2-2F15-4BE1-B1FC-589B2D707544}.Release|Any CPU.ActiveCfg = Release|Any CPU
		{9F4317F2-2F15-4BE1-B1FC-589B2D707544}.Release|Any CPU.Build.0 = Release|Any CPU
		{74D5EED5-24DD-4B9A-8BAC-F4BB145B5A17}.Debug|Any CPU.ActiveCfg = Debug|Any CPU
		{74D5EED5-24DD-4B9A-8BAC-F4BB145B5A17}.Debug|Any CPU.Build.0 = Debug|Any CPU
		{74D5EED5-24DD-4B9A-8BAC-F4BB145B5A17}.Release|Any CPU.ActiveCfg = Release|Any CPU
		{74D5EED5-24DD-4B9A-8BAC-F4BB145B5A17}.Release|Any CPU.Build.0 = Release|Any CPU
		{01EC20E8-DBEE-4169-8B87-1D3BD824EDA6}.Debug|Any CPU.ActiveCfg = Debug|Any CPU
		{01EC20E8-DBEE-4169-8B87-1D3BD824EDA6}.Debug|Any CPU.Build.0 = Debug|Any CPU
		{01EC20E8-DBEE-4169-8B87-1D3BD824EDA6}.Release|Any CPU.ActiveCfg = Release|Any CPU
		{01EC20E8-DBEE-4169-8B87-1D3BD824EDA6}.Release|Any CPU.Build.0 = Release|Any CPU
		{8D4D4F17-39DD-44CE-B409-36E36970B7B0}.Debug|Any CPU.ActiveCfg = Debug|Any CPU
		{8D4D4F17-39DD-44CE-B409-36E36970B7B0}.Debug|Any CPU.Build.0 = Debug|Any CPU
		{8D4D4F17-39DD-44CE-B409-36E36970B7B0}.Release|Any CPU.ActiveCfg = Release|Any CPU
		{8D4D4F17-39DD-44CE-B409-36E36970B7B0}.Release|Any CPU.Build.0 = Release|Any CPU
		{E4F6A8E3-6BAE-4F37-85C0-B81432785241}.Debug|Any CPU.ActiveCfg = Debug|Any CPU
		{E4F6A8E3-6BAE-4F37-85C0-B81432785241}.Debug|Any CPU.Build.0 = Debug|Any CPU
		{E4F6A8E3-6BAE-4F37-85C0-B81432785241}.Release|Any CPU.ActiveCfg = Release|Any CPU
		{E4F6A8E3-6BAE-4F37-85C0-B81432785241}.Release|Any CPU.Build.0 = Release|Any CPU
		{8A89BBD6-8650-4C8E-AD95-A5A6FE0F041E}.Debug|Any CPU.ActiveCfg = Debug|Any CPU
		{8A89BBD6-8650-4C8E-AD95-A5A6FE0F041E}.Debug|Any CPU.Build.0 = Debug|Any CPU
		{8A89BBD6-8650-4C8E-AD95-A5A6FE0F041E}.Release|Any CPU.ActiveCfg = Release|Any CPU
		{8A89BBD6-8650-4C8E-AD95-A5A6FE0F041E}.Release|Any CPU.Build.0 = Release|Any CPU
		{A70CE5DC-AC2F-4CC3-B80E-6E91550EB11B}.Debug|Any CPU.ActiveCfg = Debug|Any CPU
		{A70CE5DC-AC2F-4CC3-B80E-6E91550EB11B}.Debug|Any CPU.Build.0 = Debug|Any CPU
		{A70CE5DC-AC2F-4CC3-B80E-6E91550EB11B}.Release|Any CPU.ActiveCfg = Release|Any CPU
		{A70CE5DC-AC2F-4CC3-B80E-6E91550EB11B}.Release|Any CPU.Build.0 = Release|Any CPU
		{D9F3557A-01A8-4608-AE67-B9D3DFB33AD0}.Debug|Any CPU.ActiveCfg = Debug|Any CPU
		{D9F3557A-01A8-4608-AE67-B9D3DFB33AD0}.Debug|Any CPU.Build.0 = Debug|Any CPU
		{D9F3557A-01A8-4608-AE67-B9D3DFB33AD0}.Release|Any CPU.ActiveCfg = Release|Any CPU
		{D9F3557A-01A8-4608-AE67-B9D3DFB33AD0}.Release|Any CPU.Build.0 = Release|Any CPU
		{283C0DC2-A33C-472D-A9CA-B12DC4AE791A}.Debug|Any CPU.ActiveCfg = Debug|Any CPU
		{283C0DC2-A33C-472D-A9CA-B12DC4AE791A}.Debug|Any CPU.Build.0 = Debug|Any CPU
		{283C0DC2-A33C-472D-A9CA-B12DC4AE791A}.Release|Any CPU.ActiveCfg = Release|Any CPU
		{283C0DC2-A33C-472D-A9CA-B12DC4AE791A}.Release|Any CPU.Build.0 = Release|Any CPU
		{D842292F-EE07-45F4-A388-0E7201736E14}.Debug|Any CPU.ActiveCfg = Debug|Any CPU
		{D842292F-EE07-45F4-A388-0E7201736E14}.Debug|Any CPU.Build.0 = Debug|Any CPU
		{D842292F-EE07-45F4-A388-0E7201736E14}.Release|Any CPU.ActiveCfg = Release|Any CPU
		{D842292F-EE07-45F4-A388-0E7201736E14}.Release|Any CPU.Build.0 = Release|Any CPU
		{A0C6A1EF-D5AB-4E68-A32F-344063A414FE}.Debug|Any CPU.ActiveCfg = Debug|Any CPU
		{A0C6A1EF-D5AB-4E68-A32F-344063A414FE}.Debug|Any CPU.Build.0 = Debug|Any CPU
		{A0C6A1EF-D5AB-4E68-A32F-344063A414FE}.Release|Any CPU.ActiveCfg = Release|Any CPU
		{A0C6A1EF-D5AB-4E68-A32F-344063A414FE}.Release|Any CPU.Build.0 = Release|Any CPU
		{CB17B0CF-F887-4AB4-816B-27A54869321E}.Debug|Any CPU.ActiveCfg = Debug|Any CPU
		{CB17B0CF-F887-4AB4-816B-27A54869321E}.Debug|Any CPU.Build.0 = Debug|Any CPU
		{CB17B0CF-F887-4AB4-816B-27A54869321E}.Release|Any CPU.ActiveCfg = Release|Any CPU
		{CB17B0CF-F887-4AB4-816B-27A54869321E}.Release|Any CPU.Build.0 = Release|Any CPU
		{06F700EB-2D92-4800-80ED-57CCA98A6C69}.Debug|Any CPU.ActiveCfg = Debug|Any CPU
		{06F700EB-2D92-4800-80ED-57CCA98A6C69}.Debug|Any CPU.Build.0 = Debug|Any CPU
		{06F700EB-2D92-4800-80ED-57CCA98A6C69}.Release|Any CPU.ActiveCfg = Release|Any CPU
		{06F700EB-2D92-4800-80ED-57CCA98A6C69}.Release|Any CPU.Build.0 = Release|Any CPU
		{48DAB463-2689-410D-8BAA-1285FA5DAA20}.Debug|Any CPU.ActiveCfg = Debug|Any CPU
		{48DAB463-2689-410D-8BAA-1285FA5DAA20}.Debug|Any CPU.Build.0 = Debug|Any CPU
		{48DAB463-2689-410D-8BAA-1285FA5DAA20}.Release|Any CPU.ActiveCfg = Release|Any CPU
		{48DAB463-2689-410D-8BAA-1285FA5DAA20}.Release|Any CPU.Build.0 = Release|Any CPU
		{336495BF-A95C-4948-9F1B-25B00FCE0AFC}.Debug|Any CPU.ActiveCfg = Debug|Any CPU
		{336495BF-A95C-4948-9F1B-25B00FCE0AFC}.Debug|Any CPU.Build.0 = Debug|Any CPU
		{336495BF-A95C-4948-9F1B-25B00FCE0AFC}.Release|Any CPU.ActiveCfg = Release|Any CPU
		{336495BF-A95C-4948-9F1B-25B00FCE0AFC}.Release|Any CPU.Build.0 = Release|Any CPU
		{C6B2EAC0-15FE-4B17-928A-9F759E26B961}.Debug|Any CPU.ActiveCfg = Debug|Any CPU
		{C6B2EAC0-15FE-4B17-928A-9F759E26B961}.Debug|Any CPU.Build.0 = Debug|Any CPU
		{C6B2EAC0-15FE-4B17-928A-9F759E26B961}.Release|Any CPU.ActiveCfg = Release|Any CPU
		{C6B2EAC0-15FE-4B17-928A-9F759E26B961}.Release|Any CPU.Build.0 = Release|Any CPU
		{347A07BE-61B3-4AE5-88C0-E85F573ACA24}.Debug|Any CPU.ActiveCfg = Debug|Any CPU
		{347A07BE-61B3-4AE5-88C0-E85F573ACA24}.Debug|Any CPU.Build.0 = Debug|Any CPU
		{347A07BE-61B3-4AE5-88C0-E85F573ACA24}.Release|Any CPU.ActiveCfg = Release|Any CPU
		{347A07BE-61B3-4AE5-88C0-E85F573ACA24}.Release|Any CPU.Build.0 = Release|Any CPU
		{6E5A362F-C6D7-4F9B-9511-607CD4F25859}.Debug|Any CPU.ActiveCfg = Debug|Any CPU
		{6E5A362F-C6D7-4F9B-9511-607CD4F25859}.Debug|Any CPU.Build.0 = Debug|Any CPU
		{6E5A362F-C6D7-4F9B-9511-607CD4F25859}.Release|Any CPU.ActiveCfg = Release|Any CPU
		{6E5A362F-C6D7-4F9B-9511-607CD4F25859}.Release|Any CPU.Build.0 = Release|Any CPU
		{6DB89A5A-EFB4-4CDA-9523-C7AD4E35EAFF}.Debug|Any CPU.ActiveCfg = Debug|Any CPU
		{6DB89A5A-EFB4-4CDA-9523-C7AD4E35EAFF}.Debug|Any CPU.Build.0 = Debug|Any CPU
		{6DB89A5A-EFB4-4CDA-9523-C7AD4E35EAFF}.Release|Any CPU.ActiveCfg = Release|Any CPU
		{6DB89A5A-EFB4-4CDA-9523-C7AD4E35EAFF}.Release|Any CPU.Build.0 = Release|Any CPU
		{CFC9EA07-422C-462D-A4F3-74F8C960E91C}.Debug|Any CPU.ActiveCfg = Debug|Any CPU
		{CFC9EA07-422C-462D-A4F3-74F8C960E91C}.Debug|Any CPU.Build.0 = Debug|Any CPU
		{CFC9EA07-422C-462D-A4F3-74F8C960E91C}.Release|Any CPU.ActiveCfg = Release|Any CPU
		{CFC9EA07-422C-462D-A4F3-74F8C960E91C}.Release|Any CPU.Build.0 = Release|Any CPU
		{E4CEBEA5-C6AA-4973-891A-39B7F78FC6BA}.Debug|Any CPU.ActiveCfg = Debug|Any CPU
		{E4CEBEA5-C6AA-4973-891A-39B7F78FC6BA}.Debug|Any CPU.Build.0 = Debug|Any CPU
		{E4CEBEA5-C6AA-4973-891A-39B7F78FC6BA}.Release|Any CPU.ActiveCfg = Release|Any CPU
		{E4CEBEA5-C6AA-4973-891A-39B7F78FC6BA}.Release|Any CPU.Build.0 = Release|Any CPU
		{1F7A1E3E-608A-498E-ACA9-9A6038A81A20}.Debug|Any CPU.ActiveCfg = Debug|Any CPU
		{1F7A1E3E-608A-498E-ACA9-9A6038A81A20}.Debug|Any CPU.Build.0 = Debug|Any CPU
		{1F7A1E3E-608A-498E-ACA9-9A6038A81A20}.Release|Any CPU.ActiveCfg = Release|Any CPU
		{1F7A1E3E-608A-498E-ACA9-9A6038A81A20}.Release|Any CPU.Build.0 = Release|Any CPU
		{0A9169E2-4E18-47E8-ADC6-5E41F51A1E6E}.Debug|Any CPU.ActiveCfg = Debug|Any CPU
		{0A9169E2-4E18-47E8-ADC6-5E41F51A1E6E}.Debug|Any CPU.Build.0 = Debug|Any CPU
		{0A9169E2-4E18-47E8-ADC6-5E41F51A1E6E}.Release|Any CPU.ActiveCfg = Release|Any CPU
		{0A9169E2-4E18-47E8-ADC6-5E41F51A1E6E}.Release|Any CPU.Build.0 = Release|Any CPU
		{9BAA61EB-F1AA-4F2C-893E-9331904406D0}.Debug|Any CPU.ActiveCfg = Debug|Any CPU
		{9BAA61EB-F1AA-4F2C-893E-9331904406D0}.Debug|Any CPU.Build.0 = Debug|Any CPU
		{9BAA61EB-F1AA-4F2C-893E-9331904406D0}.Release|Any CPU.ActiveCfg = Release|Any CPU
		{9BAA61EB-F1AA-4F2C-893E-9331904406D0}.Release|Any CPU.Build.0 = Release|Any CPU
		{63030F8E-8E47-41DA-9759-CCEB8778B93C}.Debug|Any CPU.ActiveCfg = Debug|Any CPU
		{63030F8E-8E47-41DA-9759-CCEB8778B93C}.Debug|Any CPU.Build.0 = Debug|Any CPU
		{63030F8E-8E47-41DA-9759-CCEB8778B93C}.Release|Any CPU.ActiveCfg = Release|Any CPU
		{63030F8E-8E47-41DA-9759-CCEB8778B93C}.Release|Any CPU.Build.0 = Release|Any CPU
		{E60C6DF5-C024-43B3-8C95-B965FCCFCCB8}.Debug|Any CPU.ActiveCfg = Debug|Any CPU
		{E60C6DF5-C024-43B3-8C95-B965FCCFCCB8}.Debug|Any CPU.Build.0 = Debug|Any CPU
		{E60C6DF5-C024-43B3-8C95-B965FCCFCCB8}.Release|Any CPU.ActiveCfg = Release|Any CPU
		{E60C6DF5-C024-43B3-8C95-B965FCCFCCB8}.Release|Any CPU.Build.0 = Release|Any CPU
	EndGlobalSection
	GlobalSection(SolutionProperties) = preSolution
		HideSolutionNode = FALSE
	EndGlobalSection
	GlobalSection(NestedProjects) = preSolution
		{52AEE364-E0FC-4D01-9E5E-97791AC454AE} = {BB0B7407-E271-412C-9F5E-2608468FB30A}
		{35264FD5-987F-49E3-8305-3D4BA1644010} = {BB0B7407-E271-412C-9F5E-2608468FB30A}
		{EE8F9D5C-140D-4A9F-B43A-DDE49FF61796} = {BB0B7407-E271-412C-9F5E-2608468FB30A}
		{92FFFE00-B628-46F1-A811-F9F48DA68C4D} = {64D8C98B-57F9-4BE6-834C-1232F666E7CE}
		{CB86CA0D-3D4C-48E9-8327-CD7E8EC24FFE} = {64D8C98B-57F9-4BE6-834C-1232F666E7CE}
		{86415786-31EF-4769-B608-3E183B13D920} = {64D8C98B-57F9-4BE6-834C-1232F666E7CE}
		{A50E4DDB-C484-47FE-AF03-31767A750D09} = {64D8C98B-57F9-4BE6-834C-1232F666E7CE}
		{8BAF0372-DEAA-42EF-BBFD-6F4ED30B60EB} = {64D8C98B-57F9-4BE6-834C-1232F666E7CE}
		{BA8AA038-886B-4909-BFEF-9B2496072AA6} = {2105B0E8-ED49-4815-930D-746679741CBD}
		{8CDAE509-3216-4CE4-BA8D-1673FEA17C4B} = {2105B0E8-ED49-4815-930D-746679741CBD}
		{BEF8B61B-45EC-4CFE-9D7F-0D7445AD4977} = {2105B0E8-ED49-4815-930D-746679741CBD}
		{AD7A7407-207C-48DB-85EB-68F9FB5B0C4D} = {2105B0E8-ED49-4815-930D-746679741CBD}
		{98B7EE35-A86B-4F84-B4F3-91545EA25819} = {2105B0E8-ED49-4815-930D-746679741CBD}
		{FA3E41F0-E168-4601-BEC9-9794ED189E15} = {2105B0E8-ED49-4815-930D-746679741CBD}
		{882E2017-2F92-418C-9CB1-683B3D8F29BE} = {2105B0E8-ED49-4815-930D-746679741CBD}
		{9F4317F2-2F15-4BE1-B1FC-589B2D707544} = {2105B0E8-ED49-4815-930D-746679741CBD}
		{74D5EED5-24DD-4B9A-8BAC-F4BB145B5A17} = {2105B0E8-ED49-4815-930D-746679741CBD}
		{01EC20E8-DBEE-4169-8B87-1D3BD824EDA6} = {2105B0E8-ED49-4815-930D-746679741CBD}
		{8D4D4F17-39DD-44CE-B409-36E36970B7B0} = {2105B0E8-ED49-4815-930D-746679741CBD}
		{E4F6A8E3-6BAE-4F37-85C0-B81432785241} = {A86628FD-6EE3-4703-A275-8FF569AF828B}
		{8A89BBD6-8650-4C8E-AD95-A5A6FE0F041E} = {A86628FD-6EE3-4703-A275-8FF569AF828B}
		{A70CE5DC-AC2F-4CC3-B80E-6E91550EB11B} = {A86628FD-6EE3-4703-A275-8FF569AF828B}
		{D9F3557A-01A8-4608-AE67-B9D3DFB33AD0} = {A86628FD-6EE3-4703-A275-8FF569AF828B}
		{283C0DC2-A33C-472D-A9CA-B12DC4AE791A} = {A86628FD-6EE3-4703-A275-8FF569AF828B}
		{D842292F-EE07-45F4-A388-0E7201736E14} = {A86628FD-6EE3-4703-A275-8FF569AF828B}
		{A0C6A1EF-D5AB-4E68-A32F-344063A414FE} = {A86628FD-6EE3-4703-A275-8FF569AF828B}
		{CB17B0CF-F887-4AB4-816B-27A54869321E} = {A86628FD-6EE3-4703-A275-8FF569AF828B}
		{06F700EB-2D92-4800-80ED-57CCA98A6C69} = {A86628FD-6EE3-4703-A275-8FF569AF828B}
		{48DAB463-2689-410D-8BAA-1285FA5DAA20} = {A86628FD-6EE3-4703-A275-8FF569AF828B}
		{336495BF-A95C-4948-9F1B-25B00FCE0AFC} = {A86628FD-6EE3-4703-A275-8FF569AF828B}
		{C6B2EAC0-15FE-4B17-928A-9F759E26B961} = {A86628FD-6EE3-4703-A275-8FF569AF828B}
		{347A07BE-61B3-4AE5-88C0-E85F573ACA24} = {A86628FD-6EE3-4703-A275-8FF569AF828B}
		{6E5A362F-C6D7-4F9B-9511-607CD4F25859} = {59C62714-B67D-4EAB-867A-1C96127CBCE5}
		{6DB89A5A-EFB4-4CDA-9523-C7AD4E35EAFF} = {A86628FD-6EE3-4703-A275-8FF569AF828B}
		{CFC9EA07-422C-462D-A4F3-74F8C960E91C} = {59C62714-B67D-4EAB-867A-1C96127CBCE5}
		{E4CEBEA5-C6AA-4973-891A-39B7F78FC6BA} = {59C62714-B67D-4EAB-867A-1C96127CBCE5}
		{1F7A1E3E-608A-498E-ACA9-9A6038A81A20} = {59C62714-B67D-4EAB-867A-1C96127CBCE5}
		{0A9169E2-4E18-47E8-ADC6-5E41F51A1E6E} = {59C62714-B67D-4EAB-867A-1C96127CBCE5}
		{9BAA61EB-F1AA-4F2C-893E-9331904406D0} = {59C62714-B67D-4EAB-867A-1C96127CBCE5}
		{63030F8E-8E47-41DA-9759-CCEB8778B93C} = {59C62714-B67D-4EAB-867A-1C96127CBCE5}
		{E60C6DF5-C024-43B3-8C95-B965FCCFCCB8} = {59C62714-B67D-4EAB-867A-1C96127CBCE5}
	EndGlobalSection
	GlobalSection(ExtensibilityGlobals) = postSolution
		SolutionGuid = {3BCC6CA9-538B-4E0D-BD63-BC71AEB76239}
	EndGlobalSection
EndGlobal
